// !$*UTF8*$!
{
	archiveVersion = 1;
	classes = {
	};
	objectVersion = 56;
	objects = {

/* Begin PBXBuildFile section */
		7AD9AA8C2D1978C10095336E /* WordleApp.swift in Sources */ = {isa = PBXBuildFile; fileRef = 7AD9AA8B2D1978C10095336E /* WordleApp.swift */; };
		7AD9AA8E2D1978C10095336E /* GameView.swift in Sources */ = {isa = PBXBuildFile; fileRef = 7AD9AA8D2D1978C10095336E /* GameView.swift */; };
		7AD9AA902D1978C20095336E /* Assets.xcassets in Resources */ = {isa = PBXBuildFile; fileRef = 7AD9AA8F2D1978C20095336E /* Assets.xcassets */; };
		7AD9AA932D1978C20095336E /* Preview Assets.xcassets in Resources */ = {isa = PBXBuildFile; fileRef = 7AD9AA922D1978C20095336E /* Preview Assets.xcassets */; };
		7AD9AA9B2D197FC70095336E /* Color+Extenstion.swift in Sources */ = {isa = PBXBuildFile; fileRef = 7AD9AA9A2D197FC70095336E /* Color+Extenstion.swift */; };
		7AD9AA9D2D1981A70095336E /* GuessModel.swift in Sources */ = {isa = PBXBuildFile; fileRef = 7AD9AA9C2D1981A70095336E /* GuessModel.swift */; };
		7AD9AAA02D1982EA0095336E /* GuessView.swift in Sources */ = {isa = PBXBuildFile; fileRef = 7AD9AA9F2D1982EA0095336E /* GuessView.swift */; };
		7AD9AAA42D1983E20095336E /* WordleViewModel.swift in Sources */ = {isa = PBXBuildFile; fileRef = 7AD9AAA32D1983E20095336E /* WordleViewModel.swift */; };
		7AD9AAA62D1987570095336E /* Global.swift in Sources */ = {isa = PBXBuildFile; fileRef = 7AD9AAA52D1987570095336E /* Global.swift */; };
		7AD9AAA82D198EE50095336E /* LetterButtonView.swift in Sources */ = {isa = PBXBuildFile; fileRef = 7AD9AAA72D198EE50095336E /* LetterButtonView.swift */; };
		7AD9AAAA2D198FD30095336E /* KeyboardView.swift in Sources */ = {isa = PBXBuildFile; fileRef = 7AD9AAA92D198FD30095336E /* KeyboardView.swift */; };
/* End PBXBuildFile section */

/* Begin PBXFileReference section */
		7AD9AA882D1978C10095336E /* Wordle.app */ = {isa = PBXFileReference; explicitFileType = wrapper.application; includeInIndex = 0; path = Wordle.app; sourceTree = BUILT_PRODUCTS_DIR; };
		7AD9AA8B2D1978C10095336E /* WordleApp.swift */ = {isa = PBXFileReference; lastKnownFileType = sourcecode.swift; path = WordleApp.swift; sourceTree = "<group>"; };
		7AD9AA8D2D1978C10095336E /* GameView.swift */ = {isa = PBXFileReference; lastKnownFileType = sourcecode.swift; path = GameView.swift; sourceTree = "<group>"; };
		7AD9AA8F2D1978C20095336E /* Assets.xcassets */ = {isa = PBXFileReference; lastKnownFileType = folder.assetcatalog; path = Assets.xcassets; sourceTree = "<group>"; };
		7AD9AA922D1978C20095336E /* Preview Assets.xcassets */ = {isa = PBXFileReference; lastKnownFileType = folder.assetcatalog; path = "Preview Assets.xcassets"; sourceTree = "<group>"; };
		7AD9AA9A2D197FC70095336E /* Color+Extenstion.swift */ = {isa = PBXFileReference; lastKnownFileType = sourcecode.swift; path = "Color+Extenstion.swift"; sourceTree = "<group>"; };
		7AD9AA9C2D1981A70095336E /* GuessModel.swift */ = {isa = PBXFileReference; lastKnownFileType = sourcecode.swift; path = GuessModel.swift; sourceTree = "<group>"; };
		7AD9AA9F2D1982EA0095336E /* GuessView.swift */ = {isa = PBXFileReference; lastKnownFileType = sourcecode.swift; path = GuessView.swift; sourceTree = "<group>"; };
		7AD9AAA32D1983E20095336E /* WordleViewModel.swift */ = {isa = PBXFileReference; lastKnownFileType = sourcecode.swift; path = WordleViewModel.swift; sourceTree = "<group>"; };
		7AD9AAA52D1987570095336E /* Global.swift */ = {isa = PBXFileReference; lastKnownFileType = sourcecode.swift; path = Global.swift; sourceTree = "<group>"; };
		7AD9AAA72D198EE50095336E /* LetterButtonView.swift */ = {isa = PBXFileReference; lastKnownFileType = sourcecode.swift; path = LetterButtonView.swift; sourceTree = "<group>"; };
		7AD9AAA92D198FD30095336E /* KeyboardView.swift */ = {isa = PBXFileReference; lastKnownFileType = sourcecode.swift; path = KeyboardView.swift; sourceTree = "<group>"; };
/* End PBXFileReference section */

/* Begin PBXFrameworksBuildPhase section */
		7AD9AA852D1978C10095336E /* Frameworks */ = {
			isa = PBXFrameworksBuildPhase;
			buildActionMask = 2147483647;
			files = (
			);
			runOnlyForDeploymentPostprocessing = 0;
		};
/* End PBXFrameworksBuildPhase section */

/* Begin PBXGroup section */
		7AD9AA7F2D1978C10095336E = {
			isa = PBXGroup;
			children = (
				7AD9AA8A2D1978C10095336E /* Wordle */,
				7AD9AA892D1978C10095336E /* Products */,
			);
			sourceTree = "<group>";
		};
		7AD9AA892D1978C10095336E /* Products */ = {
			isa = PBXGroup;
			children = (
				7AD9AA882D1978C10095336E /* Wordle.app */,
			);
			name = Products;
			sourceTree = "<group>";
		};
		7AD9AA8A2D1978C10095336E /* Wordle */ = {
			isa = PBXGroup;
			children = (
				7AD9AAA22D1983D40095336E /* ViewModels */,
				7AD9AAA12D1982F00095336E /* Views */,
				7AD9AA9E2D1982D70095336E /* Models */,
				7AD9AA992D197FB50095336E /* Extensions */,
				7AD9AA8B2D1978C10095336E /* WordleApp.swift */,
				7AD9AA8F2D1978C20095336E /* Assets.xcassets */,
				7AD9AA912D1978C20095336E /* Preview Content */,
			);
			path = Wordle;
			sourceTree = "<group>";
		};
		7AD9AA912D1978C20095336E /* Preview Content */ = {
			isa = PBXGroup;
			children = (
				7AD9AA922D1978C20095336E /* Preview Assets.xcassets */,
			);
			path = "Preview Content";
			sourceTree = "<group>";
		};
		7AD9AA992D197FB50095336E /* Extensions */ = {
			isa = PBXGroup;
			children = (
				7AD9AA9A2D197FC70095336E /* Color+Extenstion.swift */,
				7AD9AAA52D1987570095336E /* Global.swift */,
			);
			path = Extensions;
			sourceTree = "<group>";
		};
		7AD9AA9E2D1982D70095336E /* Models */ = {
			isa = PBXGroup;
			children = (
				7AD9AA9C2D1981A70095336E /* GuessModel.swift */,
			);
			path = Models;
			sourceTree = "<group>";
		};
		7AD9AAA12D1982F00095336E /* Views */ = {
			isa = PBXGroup;
			children = (
				7AD9AA8D2D1978C10095336E /* GameView.swift */,
				7AD9AA9F2D1982EA0095336E /* GuessView.swift */,
				7AD9AAA72D198EE50095336E /* LetterButtonView.swift */,
				7AD9AAA92D198FD30095336E /* KeyboardView.swift */,
			);
			path = Views;
			sourceTree = "<group>";
		};
		7AD9AAA22D1983D40095336E /* ViewModels */ = {
			isa = PBXGroup;
			children = (
				7AD9AAA32D1983E20095336E /* WordleViewModel.swift */,
			);
			path = ViewModels;
			sourceTree = "<group>";
		};
/* End PBXGroup section */

/* Begin PBXNativeTarget section */
		7AD9AA872D1978C10095336E /* Wordle */ = {
			isa = PBXNativeTarget;
			buildConfigurationList = 7AD9AA962D1978C20095336E /* Build configuration list for PBXNativeTarget "Wordle" */;
			buildPhases = (
				7AD9AA842D1978C10095336E /* Sources */,
				7AD9AA852D1978C10095336E /* Frameworks */,
				7AD9AA862D1978C10095336E /* Resources */,
			);
			buildRules = (
			);
			dependencies = (
			);
			name = Wordle;
			productName = Wordle;
			productReference = 7AD9AA882D1978C10095336E /* Wordle.app */;
			productType = "com.apple.product-type.application";
		};
/* End PBXNativeTarget section */

/* Begin PBXProject section */
		7AD9AA802D1978C10095336E /* Project object */ = {
			isa = PBXProject;
			attributes = {
				BuildIndependentTargetsInParallel = 1;
				LastSwiftUpdateCheck = 1500;
				LastUpgradeCheck = 1500;
				TargetAttributes = {
					7AD9AA872D1978C10095336E = {
						CreatedOnToolsVersion = 15.0.1;
					};
				};
			};
			buildConfigurationList = 7AD9AA832D1978C10095336E /* Build configuration list for PBXProject "Wordle" */;
			compatibilityVersion = "Xcode 14.0";
			developmentRegion = en;
			hasScannedForEncodings = 0;
			knownRegions = (
				en,
				Base,
			);
			mainGroup = 7AD9AA7F2D1978C10095336E;
			productRefGroup = 7AD9AA892D1978C10095336E /* Products */;
			projectDirPath = "";
			projectRoot = "";
			targets = (
				7AD9AA872D1978C10095336E /* Wordle */,
			);
		};
/* End PBXProject section */

/* Begin PBXResourcesBuildPhase section */
		7AD9AA862D1978C10095336E /* Resources */ = {
			isa = PBXResourcesBuildPhase;
			buildActionMask = 2147483647;
			files = (
				7AD9AA932D1978C20095336E /* Preview Assets.xcassets in Resources */,
				7AD9AA902D1978C20095336E /* Assets.xcassets in Resources */,
			);
			runOnlyForDeploymentPostprocessing = 0;
		};
/* End PBXResourcesBuildPhase section */

/* Begin PBXSourcesBuildPhase section */
		7AD9AA842D1978C10095336E /* Sources */ = {
			isa = PBXSourcesBuildPhase;
			buildActionMask = 2147483647;
			files = (
				7AD9AAA82D198EE50095336E /* LetterButtonView.swift in Sources */,
				7AD9AA9B2D197FC70095336E /* Color+Extenstion.swift in Sources */,
				7AD9AAA02D1982EA0095336E /* GuessView.swift in Sources */,
				7AD9AAAA2D198FD30095336E /* KeyboardView.swift in Sources */,
				7AD9AA8E2D1978C10095336E /* GameView.swift in Sources */,
				7AD9AA8C2D1978C10095336E /* WordleApp.swift in Sources */,
				7AD9AA9D2D1981A70095336E /* GuessModel.swift in Sources */,
				7AD9AAA42D1983E20095336E /* WordleViewModel.swift in Sources */,
				7AD9AAA62D1987570095336E /* Global.swift in Sources */,
			);
			runOnlyForDeploymentPostprocessing = 0;
		};
/* End PBXSourcesBuildPhase section */

/* Begin XCBuildConfiguration section */
		7AD9AA942D1978C20095336E /* Debug */ = {
			isa = XCBuildConfiguration;
			buildSettings = {
				ALWAYS_SEARCH_USER_PATHS = NO;
				ASSETCATALOG_COMPILER_GENERATE_SWIFT_ASSET_SYMBOL_EXTENSIONS = YES;
				CLANG_ANALYZER_NONNULL = YES;
				CLANG_ANALYZER_NUMBER_OBJECT_CONVERSION = YES_AGGRESSIVE;
				CLANG_CXX_LANGUAGE_STANDARD = "gnu++20";
				CLANG_ENABLE_MODULES = YES;
				CLANG_ENABLE_OBJC_ARC = YES;
				CLANG_ENABLE_OBJC_WEAK = YES;
				CLANG_WARN_BLOCK_CAPTURE_AUTORELEASING = YES;
				CLANG_WARN_BOOL_CONVERSION = YES;
				CLANG_WARN_COMMA = YES;
				CLANG_WARN_CONSTANT_CONVERSION = YES;
				CLANG_WARN_DEPRECATED_OBJC_IMPLEMENTATIONS = YES;
				CLANG_WARN_DIRECT_OBJC_ISA_USAGE = YES_ERROR;
				CLANG_WARN_DOCUMENTATION_COMMENTS = YES;
				CLANG_WARN_EMPTY_BODY = YES;
				CLANG_WARN_ENUM_CONVERSION = YES;
				CLANG_WARN_INFINITE_RECURSION = YES;
				CLANG_WARN_INT_CONVERSION = YES;
				CLANG_WARN_NON_LITERAL_NULL_CONVERSION = YES;
				CLANG_WARN_OBJC_IMPLICIT_RETAIN_SELF = YES;
				CLANG_WARN_OBJC_LITERAL_CONVERSION = YES;
				CLANG_WARN_OBJC_ROOT_CLASS = YES_ERROR;
				CLANG_WARN_QUOTED_INCLUDE_IN_FRAMEWORK_HEADER = YES;
				CLANG_WARN_RANGE_LOOP_ANALYSIS = YES;
				CLANG_WARN_STRICT_PROTOTYPES = YES;
				CLANG_WARN_SUSPICIOUS_MOVE = YES;
				CLANG_WARN_UNGUARDED_AVAILABILITY = YES_AGGRESSIVE;
				CLANG_WARN_UNREACHABLE_CODE = YES;
				CLANG_WARN__DUPLICATE_METHOD_MATCH = YES;
				COPY_PHASE_STRIP = NO;
				DEBUG_INFORMATION_FORMAT = dwarf;
				ENABLE_STRICT_OBJC_MSGSEND = YES;
				ENABLE_TESTABILITY = YES;
				ENABLE_USER_SCRIPT_SANDBOXING = YES;
				GCC_C_LANGUAGE_STANDARD = gnu17;
				GCC_DYNAMIC_NO_PIC = NO;
				GCC_NO_COMMON_BLOCKS = YES;
				GCC_OPTIMIZATION_LEVEL = 0;
				GCC_PREPROCESSOR_DEFINITIONS = (
					"DEBUG=1",
					"$(inherited)",
				);
				GCC_WARN_64_TO_32_BIT_CONVERSION = YES;
				GCC_WARN_ABOUT_RETURN_TYPE = YES_ERROR;
				GCC_WARN_UNDECLARED_SELECTOR = YES;
				GCC_WARN_UNINITIALIZED_AUTOS = YES_AGGRESSIVE;
				GCC_WARN_UNUSED_FUNCTION = YES;
				GCC_WARN_UNUSED_VARIABLE = YES;
				IPHONEOS_DEPLOYMENT_TARGET = 17.0;
				LOCALIZATION_PREFERS_STRING_CATALOGS = YES;
				MTL_ENABLE_DEBUG_INFO = INCLUDE_SOURCE;
				MTL_FAST_MATH = YES;
				ONLY_ACTIVE_ARCH = YES;
				SDKROOT = iphoneos;
				SWIFT_ACTIVE_COMPILATION_CONDITIONS = "DEBUG $(inherited)";
				SWIFT_OPTIMIZATION_LEVEL = "-Onone";
			};
			name = Debug;
		};
		7AD9AA952D1978C20095336E /* Release */ = {
			isa = XCBuildConfiguration;
			buildSettings = {
				ALWAYS_SEARCH_USER_PATHS = NO;
				ASSETCATALOG_COMPILER_GENERATE_SWIFT_ASSET_SYMBOL_EXTENSIONS = YES;
				CLANG_ANALYZER_NONNULL = YES;
				CLANG_ANALYZER_NUMBER_OBJECT_CONVERSION = YES_AGGRESSIVE;
				CLANG_CXX_LANGUAGE_STANDARD = "gnu++20";
				CLANG_ENABLE_MODULES = YES;
				CLANG_ENABLE_OBJC_ARC = YES;
				CLANG_ENABLE_OBJC_WEAK = YES;
				CLANG_WARN_BLOCK_CAPTURE_AUTORELEASING = YES;
				CLANG_WARN_BOOL_CONVERSION = YES;
				CLANG_WARN_COMMA = YES;
				CLANG_WARN_CONSTANT_CONVERSION = YES;
				CLANG_WARN_DEPRECATED_OBJC_IMPLEMENTATIONS = YES;
				CLANG_WARN_DIRECT_OBJC_ISA_USAGE = YES_ERROR;
				CLANG_WARN_DOCUMENTATION_COMMENTS = YES;
				CLANG_WARN_EMPTY_BODY = YES;
				CLANG_WARN_ENUM_CONVERSION = YES;
				CLANG_WARN_INFINITE_RECURSION = YES;
				CLANG_WARN_INT_CONVERSION = YES;
				CLANG_WARN_NON_LITERAL_NULL_CONVERSION = YES;
				CLANG_WARN_OBJC_IMPLICIT_RETAIN_SELF = YES;
				CLANG_WARN_OBJC_LITERAL_CONVERSION = YES;
				CLANG_WARN_OBJC_ROOT_CLASS = YES_ERROR;
				CLANG_WARN_QUOTED_INCLUDE_IN_FRAMEWORK_HEADER = YES;
				CLANG_WARN_RANGE_LOOP_ANALYSIS = YES;
				CLANG_WARN_STRICT_PROTOTYPES = YES;
				CLANG_WARN_SUSPICIOUS_MOVE = YES;
				CLANG_WARN_UNGUARDED_AVAILABILITY = YES_AGGRESSIVE;
				CLANG_WARN_UNREACHABLE_CODE = YES;
				CLANG_WARN__DUPLICATE_METHOD_MATCH = YES;
				COPY_PHASE_STRIP = NO;
				DEBUG_INFORMATION_FORMAT = "dwarf-with-dsym";
				ENABLE_NS_ASSERTIONS = NO;
				ENABLE_STRICT_OBJC_MSGSEND = YES;
				ENABLE_USER_SCRIPT_SANDBOXING = YES;
				GCC_C_LANGUAGE_STANDARD = gnu17;
				GCC_NO_COMMON_BLOCKS = YES;
				GCC_WARN_64_TO_32_BIT_CONVERSION = YES;
				GCC_WARN_ABOUT_RETURN_TYPE = YES_ERROR;
				GCC_WARN_UNDECLARED_SELECTOR = YES;
				GCC_WARN_UNINITIALIZED_AUTOS = YES_AGGRESSIVE;
				GCC_WARN_UNUSED_FUNCTION = YES;
				GCC_WARN_UNUSED_VARIABLE = YES;
				IPHONEOS_DEPLOYMENT_TARGET = 17.0;
				LOCALIZATION_PREFERS_STRING_CATALOGS = YES;
				MTL_ENABLE_DEBUG_INFO = NO;
				MTL_FAST_MATH = YES;
				SDKROOT = iphoneos;
				SWIFT_COMPILATION_MODE = wholemodule;
				VALIDATE_PRODUCT = YES;
			};
			name = Release;
		};
		7AD9AA972D1978C20095336E /* Debug */ = {
			isa = XCBuildConfiguration;
			buildSettings = {
				ASSETCATALOG_COMPILER_APPICON_NAME = AppIcon;
				ASSETCATALOG_COMPILER_GLOBAL_ACCENT_COLOR_NAME = AccentColor;
				CODE_SIGN_STYLE = Automatic;
				CURRENT_PROJECT_VERSION = 1;
				DEVELOPMENT_ASSET_PATHS = "\"Wordle/Preview Content\"";
				DEVELOPMENT_TEAM = HH224W24B5;
				ENABLE_PREVIEWS = YES;
				GENERATE_INFOPLIST_FILE = YES;
				INFOPLIST_KEY_UIApplicationSceneManifest_Generation = YES;
				INFOPLIST_KEY_UIApplicationSupportsIndirectInputEvents = YES;
				INFOPLIST_KEY_UILaunchScreen_Generation = YES;
				INFOPLIST_KEY_UISupportedInterfaceOrientations_iPad = "UIInterfaceOrientationPortrait UIInterfaceOrientationPortraitUpsideDown UIInterfaceOrientationLandscapeLeft UIInterfaceOrientationLandscapeRight";
				INFOPLIST_KEY_UISupportedInterfaceOrientations_iPhone = "UIInterfaceOrientationPortrait UIInterfaceOrientationLandscapeLeft UIInterfaceOrientationLandscapeRight";
				LD_RUNPATH_SEARCH_PATHS = (
					"$(inherited)",
					"@executable_path/Frameworks",
				);
				MARKETING_VERSION = 1.0;
				PRODUCT_BUNDLE_IDENTIFIER = com.osama.Wordle;
				PRODUCT_NAME = "$(TARGET_NAME)";
				SWIFT_EMIT_LOC_STRINGS = YES;
				SWIFT_VERSION = 5.0;
				TARGETED_DEVICE_FAMILY = "1,2";
			};
			name = Debug;
		};
		7AD9AA982D1978C20095336E /* Release */ = {
			isa = XCBuildConfiguration;
			buildSettings = {
				ASSETCATALOG_COMPILER_APPICON_NAME = AppIcon;
				ASSETCATALOG_COMPILER_GLOBAL_ACCENT_COLOR_NAME = AccentColor;
				CODE_SIGN_STYLE = Automatic;
				CURRENT_PROJECT_VERSION = 1;
				DEVELOPMENT_ASSET_PATHS = "\"Wordle/Preview Content\"";
				DEVELOPMENT_TEAM = HH224W24B5;
				ENABLE_PREVIEWS = YES;
				GENERATE_INFOPLIST_FILE = YES;
				INFOPLIST_KEY_UIApplicationSceneManifest_Generation = YES;
				INFOPLIST_KEY_UIApplicationSupportsIndirectInputEvents = YES;
				INFOPLIST_KEY_UILaunchScreen_Generation = YES;
				INFOPLIST_KEY_UISupportedInterfaceOrientations_iPad = "UIInterfaceOrientationPortrait UIInterfaceOrientationPortraitUpsideDown UIInterfaceOrientationLandscapeLeft UIInterfaceOrientationLandscapeRight";
				INFOPLIST_KEY_UISupportedInterfaceOrientations_iPhone = "UIInterfaceOrientationPortrait UIInterfaceOrientationLandscapeLeft UIInterfaceOrientationLandscapeRight";
				LD_RUNPATH_SEARCH_PATHS = (
					"$(inherited)",
					"@executable_path/Frameworks",
				);
				MARKETING_VERSION = 1.0;
				PRODUCT_BUNDLE_IDENTIFIER = com.osama.Wordle;
				PRODUCT_NAME = "$(TARGET_NAME)";
				SWIFT_EMIT_LOC_STRINGS = YES;
				SWIFT_VERSION = 5.0;
				TARGETED_DEVICE_FAMILY = "1,2";
			};
			name = Release;
		};
/* End XCBuildConfiguration section */

/* Begin XCConfigurationList section */
		7AD9AA832D1978C10095336E /* Build configuration list for PBXProject "Wordle" */ = {
			isa = XCConfigurationList;
			buildConfigurations = (
				7AD9AA942D1978C20095336E /* Debug */,
				7AD9AA952D1978C20095336E /* Release */,
			);
			defaultConfigurationIsVisible = 0;
			defaultConfigurationName = Release;
		};
		7AD9AA962D1978C20095336E /* Build configuration list for PBXNativeTarget "Wordle" */ = {
			isa = XCConfigurationList;
			buildConfigurations = (
				7AD9AA972D1978C20095336E /* Debug */,
				7AD9AA982D1978C20095336E /* Release */,
			);
			defaultConfigurationIsVisible = 0;
			defaultConfigurationName = Release;
		};
/* End XCConfigurationList section */
	};
	rootObject = 7AD9AA802D1978C10095336E /* Project object */;
}
